
Microsoft Visual Studio Solution File, Format Version 12.00
# Visual Studio Version 16
VisualStudioVersion = 16.0.31624.102
MinimumVisualStudioVersion = 10.0.40219.1
Project("{FAE04EC0-301F-11D3-BF4B-00C04F79EFBC}") = "WebHostChecker", "WebHostChecker\WebHostChecker.csproj", "{086F990E-CA76-41B0-B0F2-A7BCA9672F2A}"
EndProject
Global
	GlobalSection(SolutionConfigurationPlatforms) = preSolution
		Debug|Any CPU = Debug|Any CPU
		Release|Any CPU = Release|Any CPU
	EndGlobalSection
	GlobalSection(ProjectConfigurationPlatforms) = postSolution
		{086F990E-CA76-41B0-B0F2-A7BCA9672F2A}.Debug|Any CPU.ActiveCfg = Debug|Any CPU
		{086F990E-CA76-41B0-B0F2-A7BCA9672F2A}.Debug|Any CPU.Build.0 = Debug|Any CPU
		{086F990E-CA76-41B0-B0F2-A7BCA9672F2A}.Release|Any CPU.ActiveCfg = Release|Any CPU
		{086F990E-CA76-41B0-B0F2-A7BCA9672F2A}.Release|Any CPU.Build.0 = Release|Any CPU
	EndGlobalSection
	GlobalSection(SolutionProperties) = preSolution
		HideSolutionNode = FALSE
	EndGlobalSection
	GlobalSection(ExtensibilityGlobals) = postSolution
		SolutionGuid = {D719CE07-8726-4BCA-A186-A8605784C6FE}
	EndGlobalSection
EndGlobal
